<?xml version="1.0" encoding="UTF-8" standalone="yes" ?>
<CodeBlocks_project_file>
	<FileVersion major="1" minor="6" />
	<Project>
		<Option title="Case_Sim_Optimized" />
		<Option pch_mode="2" />
		<Option compiler="gcc" />
		<Build>
			<Target title="Debug">
				<Option output="bin/Debug/Case_Sim_Optimized" prefix_auto="1" extension_auto="1" />
				<Option object_output="obj/Debug/" />
				<Option type="0" />
				<Option compiler="gcc" />
				<Compiler>
					<Add option="-g" />
					<Add directory="include" />
				</Compiler>
				<ResourceCompiler>
					<Add directory="include" />
				</ResourceCompiler>
				<Linker>
					<Add library="..\..\..\Program Files\CodeBlocks\MinGW\lib\libwininet.a" />
					<Add directory="include" />
				</Linker>
			</Target>
			<Target title="Release">
				<Option output="bin/Release/Case_Sim_Optimized" prefix_auto="1" extension_auto="1" />
				<Option object_output="obj/Release/" />
				<Option type="0" />
				<Option compiler="gcc" />
				<Compiler>
					<Add option="-O2" />
					<Add directory="include" />
				</Compiler>
				<ResourceCompiler>
					<Add directory="include" />
				</ResourceCompiler>
				<Linker>
					<Add option="-s" />
					<Add directory="include" />
				</Linker>
			</Target>
		</Build>
		<Compiler>
			<Add option="-Wall" />
		</Compiler>
		<Linker>
			<Add option="-static" />
			<Add library="gdi32" />
			<Add library="user32" />
			<Add library="kernel32" />
			<Add library="comctl32" />
		</Linker>
		<Unit filename="include/Case.h" />
		<Unit filename="include/Weapon.h" />
		<Unit filename="include/WeaponGen.h" />
		<Unit filename="include/WeaponURLs.h" />
		<Unit filename="include/game.ico" />
		<Unit filename="include/open_case.rc">
			<Option compilerVar="WINDRES" />
		</Unit>
		<Unit filename="include/resource.h" />
		<Unit filename="main.cpp" />
		<Unit filename="src/Case.cpp" />
		<Unit filename="src/Weapon.cpp" />
		<Extensions>
			<code_completion />
			<envvars />
			<debugger />
			<lib_finder disable_auto="1" />
		</Extensions>
	</Project>
</CodeBlocks_project_file>
